// !$*UTF8*$!
{
	archiveVersion = 1;
	classes = {
	};
	objectVersion = 55;
	objects = {

/* Begin PBXBuildFile section */
		84059C8B2752056F009296AC /* ColorButton.swift in Sources */ = {isa = PBXBuildFile; fileRef = 84059C8A275204DF009296AC /* ColorButton.swift */; };
		84A87B2F2751E89D0015862E /* NetworkSpeedMonitorApp.swift in Sources */ = {isa = PBXBuildFile; fileRef = 84A87B2E2751E89D0015862E /* NetworkSpeedMonitorApp.swift */; };
		84A87B312751E89D0015862E /* SettingsView.swift in Sources */ = {isa = PBXBuildFile; fileRef = 84A87B302751E89D0015862E /* SettingsView.swift */; };
		84A87B332751E8A00015862E /* Assets.xcassets in Resources */ = {isa = PBXBuildFile; fileRef = 84A87B322751E8A00015862E /* Assets.xcassets */; };
		84A87B362751E8A00015862E /* Preview Assets.xcassets in Resources */ = {isa = PBXBuildFile; fileRef = 84A87B352751E8A00015862E /* Preview Assets.xcassets */; };
		84A87B382751E8A00015862E /* Persistence.swift in Sources */ = {isa = PBXBuildFile; fileRef = 84A87B372751E8A00015862E /* Persistence.swift */; };
		84A87B3B2751E8A00015862E /* SessionData.xcdatamodeld in Sources */ = {isa = PBXBuildFile; fileRef = 84A87B392751E8A00015862E /* SessionData.xcdatamodeld */; };
		84A87B432751E8E20015862E /* SettingsViewModel.swift in Sources */ = {isa = PBXBuildFile; fileRef = 84A87B422751E8E20015862E /* SettingsViewModel.swift */; };
		84A87B482751ED360015862E /* DataModel.swift in Sources */ = {isa = PBXBuildFile; fileRef = 84A87B472751ED360015862E /* DataModel.swift */; };
/* End PBXBuildFile section */

/* Begin PBXFileReference section */
		84059C8A275204DF009296AC /* ColorButton.swift */ = {isa = PBXFileReference; lastKnownFileType = sourcecode.swift; path = ColorButton.swift; sourceTree = "<group>"; };
		84A87B2B2751E89D0015862E /* NetworkSpeedMonitor.app */ = {isa = PBXFileReference; explicitFileType = wrapper.application; includeInIndex = 0; path = NetworkSpeedMonitor.app; sourceTree = BUILT_PRODUCTS_DIR; };
		84A87B2E2751E89D0015862E /* NetworkSpeedMonitorApp.swift */ = {isa = PBXFileReference; lastKnownFileType = sourcecode.swift; path = NetworkSpeedMonitorApp.swift; sourceTree = "<group>"; };
		84A87B302751E89D0015862E /* SettingsView.swift */ = {isa = PBXFileReference; lastKnownFileType = sourcecode.swift; path = SettingsView.swift; sourceTree = "<group>"; };
		84A87B322751E8A00015862E /* Assets.xcassets */ = {isa = PBXFileReference; lastKnownFileType = folder.assetcatalog; path = Assets.xcassets; sourceTree = "<group>"; };
		84A87B352751E8A00015862E /* Preview Assets.xcassets */ = {isa = PBXFileReference; lastKnownFileType = folder.assetcatalog; path = "Preview Assets.xcassets"; sourceTree = "<group>"; };
		84A87B372751E8A00015862E /* Persistence.swift */ = {isa = PBXFileReference; lastKnownFileType = sourcecode.swift; path = Persistence.swift; sourceTree = "<group>"; };
		84A87B3A2751E8A00015862E /* NetworkSpeedMonitor.xcdatamodel */ = {isa = PBXFileReference; lastKnownFileType = wrapper.xcdatamodel; path = NetworkSpeedMonitor.xcdatamodel; sourceTree = "<group>"; };
		84A87B3C2751E8A00015862E /* NetworkSpeedMonitor.entitlements */ = {isa = PBXFileReference; lastKnownFileType = text.plist.entitlements; path = NetworkSpeedMonitor.entitlements; sourceTree = "<group>"; };
		84A87B422751E8E20015862E /* SettingsViewModel.swift */ = {isa = PBXFileReference; lastKnownFileType = sourcecode.swift; path = SettingsViewModel.swift; sourceTree = "<group>"; };
		84A87B472751ED360015862E /* DataModel.swift */ = {isa = PBXFileReference; lastKnownFileType = sourcecode.swift; path = DataModel.swift; sourceTree = "<group>"; };
/* End PBXFileReference section */

/* Begin PBXFrameworksBuildPhase section */
		84A87B282751E89D0015862E /* Frameworks */ = {
			isa = PBXFrameworksBuildPhase;
			buildActionMask = 2147483647;
			files = (
			);
			runOnlyForDeploymentPostprocessing = 0;
		};
/* End PBXFrameworksBuildPhase section */

/* Begin PBXGroup section */
		84059C89275204CF009296AC /* Reusable */ = {
			isa = PBXGroup;
			children = (
				84059C8A275204DF009296AC /* ColorButton.swift */,
			);
			path = Reusable;
			sourceTree = "<group>";
		};
		84A87B222751E89D0015862E = {
			isa = PBXGroup;
			children = (
				84A87B2D2751E89D0015862E /* NetworkSpeedMonitor */,
				84A87B2C2751E89D0015862E /* Products */,
			);
			sourceTree = "<group>";
		};
		84A87B2C2751E89D0015862E /* Products */ = {
			isa = PBXGroup;
			children = (
				84A87B2B2751E89D0015862E /* NetworkSpeedMonitor.app */,
			);
			name = Products;
			sourceTree = "<group>";
		};
		84A87B2D2751E89D0015862E /* NetworkSpeedMonitor */ = {
			isa = PBXGroup;
			children = (
				84A87B2E2751E89D0015862E /* NetworkSpeedMonitorApp.swift */,
				84A87B452751E92C0015862E /* Views */,
				84A87B462751E9370015862E /* ViewModels */,
				84A87B442751E91C0015862E /* Data */,
				84A87B322751E8A00015862E /* Assets.xcassets */,
				84A87B3C2751E8A00015862E /* NetworkSpeedMonitor.entitlements */,
				84A87B342751E8A00015862E /* Preview Content */,
			);
			path = NetworkSpeedMonitor;
			sourceTree = "<group>";
		};
		84A87B342751E8A00015862E /* Preview Content */ = {
			isa = PBXGroup;
			children = (
				84A87B352751E8A00015862E /* Preview Assets.xcassets */,
			);
			path = "Preview Content";
			sourceTree = "<group>";
		};
		84A87B442751E91C0015862E /* Data */ = {
			isa = PBXGroup;
			children = (
				84A87B372751E8A00015862E /* Persistence.swift */,
				84A87B472751ED360015862E /* DataModel.swift */,
				84A87B392751E8A00015862E /* SessionData.xcdatamodeld */,
			);
			path = Data;
			sourceTree = "<group>";
		};
		84A87B452751E92C0015862E /* Views */ = {
			isa = PBXGroup;
			children = (
				84A87B302751E89D0015862E /* SettingsView.swift */,
				84059C89275204CF009296AC /* Reusable */,
			);
			path = Views;
			sourceTree = "<group>";
		};
		84A87B462751E9370015862E /* ViewModels */ = {
			isa = PBXGroup;
			children = (
				84A87B422751E8E20015862E /* SettingsViewModel.swift */,
			);
			path = ViewModels;
			sourceTree = "<group>";
		};
/* End PBXGroup section */

/* Begin PBXNativeTarget section */
		84A87B2A2751E89D0015862E /* NetworkSpeedMonitor */ = {
			isa = PBXNativeTarget;
			buildConfigurationList = 84A87B3F2751E8A00015862E /* Build configuration list for PBXNativeTarget "NetworkSpeedMonitor" */;
			buildPhases = (
				84A87B272751E89D0015862E /* Sources */,
				84A87B282751E89D0015862E /* Frameworks */,
				84A87B292751E89D0015862E /* Resources */,
			);
			buildRules = (
			);
			dependencies = (
			);
			name = NetworkSpeedMonitor;
			productName = NetworkSpeedMonitor;
			productReference = 84A87B2B2751E89D0015862E /* NetworkSpeedMonitor.app */;
			productType = "com.apple.product-type.application";
		};
/* End PBXNativeTarget section */

/* Begin PBXProject section */
		84A87B232751E89D0015862E /* Project object */ = {
			isa = PBXProject;
			attributes = {
				BuildIndependentTargetsInParallel = 1;
				LastSwiftUpdateCheck = 1310;
				LastUpgradeCheck = 1310;
				TargetAttributes = {
					84A87B2A2751E89D0015862E = {
						CreatedOnToolsVersion = 13.1;
					};
				};
			};
			buildConfigurationList = 84A87B262751E89D0015862E /* Build configuration list for PBXProject "NetworkSpeedMonitor" */;
			compatibilityVersion = "Xcode 13.0";
			developmentRegion = en;
			hasScannedForEncodings = 0;
			knownRegions = (
				en,
				Base,
			);
			mainGroup = 84A87B222751E89D0015862E;
			productRefGroup = 84A87B2C2751E89D0015862E /* Products */;
			projectDirPath = "";
			projectRoot = "";
			targets = (
				84A87B2A2751E89D0015862E /* NetworkSpeedMonitor */,
			);
		};
/* End PBXProject section */

/* Begin PBXResourcesBuildPhase section */
		84A87B292751E89D0015862E /* Resources */ = {
			isa = PBXResourcesBuildPhase;
			buildActionMask = 2147483647;
			files = (
				84A87B362751E8A00015862E /* Preview Assets.xcassets in Resources */,
				84A87B332751E8A00015862E /* Assets.xcassets in Resources */,
			);
			runOnlyForDeploymentPostprocessing = 0;
		};
/* End PBXResourcesBuildPhase section */

/* Begin PBXSourcesBuildPhase section */
		84A87B272751E89D0015862E /* Sources */ = {
			isa = PBXSourcesBuildPhase;
			buildActionMask = 2147483647;
			files = (
				84A87B382751E8A00015862E /* Persistence.swift in Sources */,
				84A87B312751E89D0015862E /* SettingsView.swift in Sources */,
				84A87B3B2751E8A00015862E /* SessionData.xcdatamodeld in Sources */,
				84059C8B2752056F009296AC /* ColorButton.swift in Sources */,
				84A87B482751ED360015862E /* DataModel.swift in Sources */,
				84A87B2F2751E89D0015862E /* NetworkSpeedMonitorApp.swift in Sources */,
				84A87B432751E8E20015862E /* SettingsViewModel.swift in Sources */,
			);
			runOnlyForDeploymentPostprocessing = 0;
		};
/* End PBXSourcesBuildPhase section */

/* Begin XCBuildConfiguration section */
		84A87B3D2751E8A00015862E /* Debug */ = {
			isa = XCBuildConfiguration;
			buildSettings = {
				ALWAYS_SEARCH_USER_PATHS = NO;
				CLANG_ANALYZER_NONNULL = YES;
				CLANG_ANALYZER_NUMBER_OBJECT_CONVERSION = YES_AGGRESSIVE;
				CLANG_CXX_LANGUAGE_STANDARD = "gnu++17";
				CLANG_CXX_LIBRARY = "libc++";
				CLANG_ENABLE_MODULES = YES;
				CLANG_ENABLE_OBJC_ARC = YES;
				CLANG_ENABLE_OBJC_WEAK = YES;
				CLANG_WARN_BLOCK_CAPTURE_AUTORELEASING = YES;
				CLANG_WARN_BOOL_CONVERSION = YES;
				CLANG_WARN_COMMA = YES;
				CLANG_WARN_CONSTANT_CONVERSION = YES;
				CLANG_WARN_DEPRECATED_OBJC_IMPLEMENTATIONS = YES;
				CLANG_WARN_DIRECT_OBJC_ISA_USAGE = YES_ERROR;
				CLANG_WARN_DOCUMENTATION_COMMENTS = YES;
				CLANG_WARN_EMPTY_BODY = YES;
				CLANG_WARN_ENUM_CONVERSION = YES;
				CLANG_WARN_INFINITE_RECURSION = YES;
				CLANG_WARN_INT_CONVERSION = YES;
				CLANG_WARN_NON_LITERAL_NULL_CONVERSION = YES;
				CLANG_WARN_OBJC_IMPLICIT_RETAIN_SELF = YES;
				CLANG_WARN_OBJC_LITERAL_CONVERSION = YES;
				CLANG_WARN_OBJC_ROOT_CLASS = YES_ERROR;
				CLANG_WARN_QUOTED_INCLUDE_IN_FRAMEWORK_HEADER = YES;
				CLANG_WARN_RANGE_LOOP_ANALYSIS = YES;
				CLANG_WARN_STRICT_PROTOTYPES = YES;
				CLANG_WARN_SUSPICIOUS_MOVE = YES;
				CLANG_WARN_UNGUARDED_AVAILABILITY = YES_AGGRESSIVE;
				CLANG_WARN_UNREACHABLE_CODE = YES;
				CLANG_WARN__DUPLICATE_METHOD_MATCH = YES;
				COPY_PHASE_STRIP = NO;
				DEBUG_INFORMATION_FORMAT = dwarf;
				ENABLE_STRICT_OBJC_MSGSEND = YES;
				ENABLE_TESTABILITY = YES;
				GCC_C_LANGUAGE_STANDARD = gnu11;
				GCC_DYNAMIC_NO_PIC = NO;
				GCC_NO_COMMON_BLOCKS = YES;
				GCC_OPTIMIZATION_LEVEL = 0;
				GCC_PREPROCESSOR_DEFINITIONS = (
					"DEBUG=1",
					"$(inherited)",
				);
				GCC_WARN_64_TO_32_BIT_CONVERSION = YES;
				GCC_WARN_ABOUT_RETURN_TYPE = YES_ERROR;
				GCC_WARN_UNDECLARED_SELECTOR = YES;
				GCC_WARN_UNINITIALIZED_AUTOS = YES_AGGRESSIVE;
				GCC_WARN_UNUSED_FUNCTION = YES;
				GCC_WARN_UNUSED_VARIABLE = YES;
				MACOSX_DEPLOYMENT_TARGET = 11.6;
				MTL_ENABLE_DEBUG_INFO = INCLUDE_SOURCE;
				MTL_FAST_MATH = YES;
				ONLY_ACTIVE_ARCH = YES;
				SDKROOT = macosx;
				SWIFT_ACTIVE_COMPILATION_CONDITIONS = DEBUG;
				SWIFT_OPTIMIZATION_LEVEL = "-Onone";
			};
			name = Debug;
		};
		84A87B3E2751E8A00015862E /* Release */ = {
			isa = XCBuildConfiguration;
			buildSettings = {
				ALWAYS_SEARCH_USER_PATHS = NO;
				CLANG_ANALYZER_NONNULL = YES;
				CLANG_ANALYZER_NUMBER_OBJECT_CONVERSION = YES_AGGRESSIVE;
				CLANG_CXX_LANGUAGE_STANDARD = "gnu++17";
				CLANG_CXX_LIBRARY = "libc++";
				CLANG_ENABLE_MODULES = YES;
				CLANG_ENABLE_OBJC_ARC = YES;
				CLANG_ENABLE_OBJC_WEAK = YES;
				CLANG_WARN_BLOCK_CAPTURE_AUTORELEASING = YES;
				CLANG_WARN_BOOL_CONVERSION = YES;
				CLANG_WARN_COMMA = YES;
				CLANG_WARN_CONSTANT_CONVERSION = YES;
				CLANG_WARN_DEPRECATED_OBJC_IMPLEMENTATIONS = YES;
				CLANG_WARN_DIRECT_OBJC_ISA_USAGE = YES_ERROR;
				CLANG_WARN_DOCUMENTATION_COMMENTS = YES;
				CLANG_WARN_EMPTY_BODY = YES;
				CLANG_WARN_ENUM_CONVERSION = YES;
				CLANG_WARN_INFINITE_RECURSION = YES;
				CLANG_WARN_INT_CONVERSION = YES;
				CLANG_WARN_NON_LITERAL_NULL_CONVERSION = YES;
				CLANG_WARN_OBJC_IMPLICIT_RETAIN_SELF = YES;
				CLANG_WARN_OBJC_LITERAL_CONVERSION = YES;
				CLANG_WARN_OBJC_ROOT_CLASS = YES_ERROR;
				CLANG_WARN_QUOTED_INCLUDE_IN_FRAMEWORK_HEADER = YES;
				CLANG_WARN_RANGE_LOOP_ANALYSIS = YES;
				CLANG_WARN_STRICT_PROTOTYPES = YES;
				CLANG_WARN_SUSPICIOUS_MOVE = YES;
				CLANG_WARN_UNGUARDED_AVAILABILITY = YES_AGGRESSIVE;
				CLANG_WARN_UNREACHABLE_CODE = YES;
				CLANG_WARN__DUPLICATE_METHOD_MATCH = YES;
				COPY_PHASE_STRIP = NO;
				DEBUG_INFORMATION_FORMAT = "dwarf-with-dsym";
				ENABLE_NS_ASSERTIONS = NO;
				ENABLE_STRICT_OBJC_MSGSEND = YES;
				GCC_C_LANGUAGE_STANDARD = gnu11;
				GCC_NO_COMMON_BLOCKS = YES;
				GCC_WARN_64_TO_32_BIT_CONVERSION = YES;
				GCC_WARN_ABOUT_RETURN_TYPE = YES_ERROR;
				GCC_WARN_UNDECLARED_SELECTOR = YES;
				GCC_WARN_UNINITIALIZED_AUTOS = YES_AGGRESSIVE;
				GCC_WARN_UNUSED_FUNCTION = YES;
				GCC_WARN_UNUSED_VARIABLE = YES;
				MACOSX_DEPLOYMENT_TARGET = 11.6;
				MTL_ENABLE_DEBUG_INFO = NO;
				MTL_FAST_MATH = YES;
				SDKROOT = macosx;
				SWIFT_COMPILATION_MODE = wholemodule;
				SWIFT_OPTIMIZATION_LEVEL = "-O";
			};
			name = Release;
		};
		84A87B402751E8A00015862E /* Debug */ = {
			isa = XCBuildConfiguration;
			buildSettings = {
				ASSETCATALOG_COMPILER_APPICON_NAME = AppIcon;
				ASSETCATALOG_COMPILER_GLOBAL_ACCENT_COLOR_NAME = AccentColor;
				CODE_SIGN_ENTITLEMENTS = NetworkSpeedMonitor/NetworkSpeedMonitor.entitlements;
				CODE_SIGN_STYLE = Automatic;
				COMBINE_HIDPI_IMAGES = YES;
				CURRENT_PROJECT_VERSION = 1;
				DEVELOPMENT_ASSET_PATHS = "\"NetworkSpeedMonitor/Preview Content\"";
				DEVELOPMENT_TEAM = UY79DE276H;
				ENABLE_HARDENED_RUNTIME = YES;
				ENABLE_PREVIEWS = YES;
				GENERATE_INFOPLIST_FILE = YES;
				INFOPLIST_KEY_NSHumanReadableCopyright = "";
				LD_RUNPATH_SEARCH_PATHS = (
					"$(inherited)",
					"@executable_path/../Frameworks",
				);
				MARKETING_VERSION = 1.0;
				PRODUCT_BUNDLE_IDENTIFIER = admin.NetworkSpeedMonitor;
				PRODUCT_NAME = "$(TARGET_NAME)";
				SWIFT_EMIT_LOC_STRINGS = YES;
				SWIFT_VERSION = 5.0;
			};
			name = Debug;
		};
		84A87B412751E8A00015862E /* Release */ = {
			isa = XCBuildConfiguration;
			buildSettings = {
				ASSETCATALOG_COMPILER_APPICON_NAME = AppIcon;
				ASSETCATALOG_COMPILER_GLOBAL_ACCENT_COLOR_NAME = AccentColor;
				CODE_SIGN_ENTITLEMENTS = NetworkSpeedMonitor/NetworkSpeedMonitor.entitlements;
				CODE_SIGN_STYLE = Automatic;
				COMBINE_HIDPI_IMAGES = YES;
				CURRENT_PROJECT_VERSION = 1;
				DEVELOPMENT_ASSET_PATHS = "\"NetworkSpeedMonitor/Preview Content\"";
				DEVELOPMENT_TEAM = UY79DE276H;
				ENABLE_HARDENED_RUNTIME = YES;
				ENABLE_PREVIEWS = YES;
				GENERATE_INFOPLIST_FILE = YES;
				INFOPLIST_KEY_NSHumanReadableCopyright = "";
				LD_RUNPATH_SEARCH_PATHS = (
					"$(inherited)",
					"@executable_path/../Frameworks",
				);
				MARKETING_VERSION = 1.0;
				PRODUCT_BUNDLE_IDENTIFIER = admin.NetworkSpeedMonitor;
				PRODUCT_NAME = "$(TARGET_NAME)";
				SWIFT_EMIT_LOC_STRINGS = YES;
				SWIFT_VERSION = 5.0;
			};
			name = Release;
		};
/* End XCBuildConfiguration section */

/* Begin XCConfigurationList section */
		84A87B262751E89D0015862E /* Build configuration list for PBXProject "NetworkSpeedMonitor" */ = {
			isa = XCConfigurationList;
			buildConfigurations = (
				84A87B3D2751E8A00015862E /* Debug */,
				84A87B3E2751E8A00015862E /* Release */,
			);
			defaultConfigurationIsVisible = 0;
			defaultConfigurationName = Release;
		};
		84A87B3F2751E8A00015862E /* Build configuration list for PBXNativeTarget "NetworkSpeedMonitor" */ = {
			isa = XCConfigurationList;
			buildConfigurations = (
				84A87B402751E8A00015862E /* Debug */,
				84A87B412751E8A00015862E /* Release */,
			);
			defaultConfigurationIsVisible = 0;
			defaultConfigurationName = Release;
		};
/* End XCConfigurationList section */

/* Begin XCVersionGroup section */
		84A87B392751E8A00015862E /* SessionData.xcdatamodeld */ = {
			isa = XCVersionGroup;
			children = (
				84A87B3A2751E8A00015862E /* NetworkSpeedMonitor.xcdatamodel */,
			);
			currentVersion = 84A87B3A2751E8A00015862E /* NetworkSpeedMonitor.xcdatamodel */;
			path = SessionData.xcdatamodeld;
			sourceTree = "<group>";
			versionGroupType = wrapper.xcdatamodel;
		};
/* End XCVersionGroup section */
	};
	rootObject = 84A87B232751E89D0015862E /* Project object */;
}
